
Microsoft Visual Studio Solution File, Format Version 12.00
# Visual Studio Version 16
VisualStudioVersion = 16.0.29306.81
MinimumVisualStudioVersion = 10.0.40219.1
Project("{FAE04EC0-301F-11D3-BF4B-00C04F79EFBC}") = "ExcelApi", "ExcelApi.csproj", "{EB19E23B-D2AB-4BFC-8752-40691F31362E}"
EndProject
Global
	GlobalSection(SolutionConfigurationPlatforms) = preSolution
		Debug|Any CPU = Debug|Any CPU
		Release|Any CPU = Release|Any CPU
	EndGlobalSection
	GlobalSection(ProjectConfigurationPlatforms) = postSolution
		{EB19E23B-D2AB-4BFC-8752-40691F31362E}.Debug|Any CPU.ActiveCfg = Debug|Any CPU
		{EB19E23B-D2AB-4BFC-8752-40691F31362E}.Debug|Any CPU.Build.0 = Debug|Any CPU
		{EB19E23B-D2AB-4BFC-8752-40691F31362E}.Release|Any CPU.ActiveCfg = Release|Any CPU
		{EB19E23B-D2AB-4BFC-8752-40691F31362E}.Release|Any CPU.Build.0 = Release|Any CPU
	EndGlobalSection
	GlobalSection(SolutionProperties) = preSolution
		HideSolutionNode = FALSE
	EndGlobalSection
	GlobalSection(ExtensibilityGlobals) = postSolution
		SolutionGuid = {90FB7C72-BDB5-4088-8891-FCB4049A646E}
	EndGlobalSection
EndGlobal
